
Microsoft Visual Studio Solution File, Format Version 12.00
# Visual Studio Version 16
VisualStudioVersion = 16.0.29306.81
MinimumVisualStudioVersion = 10.0.40219.1
Project("{FAE04EC0-301F-11D3-BF4B-00C04F79EFBC}") = "DemoRegexDAC", "DemoRegexDAC\DemoRegexDAC.csproj", "{89E7C2B6-EF56-4E12-9157-09CC6DACD802}"
EndProject
Global
	GlobalSection(SolutionConfigurationPlatforms) = preSolution
		Debug|Any CPU = Debug|Any CPU
		Release|Any CPU = Release|Any CPU
	EndGlobalSection
	GlobalSection(ProjectConfigurationPlatforms) = postSolution
		{89E7C2B6-EF56-4E12-9157-09CC6DACD802}.Debug|Any CPU.ActiveCfg = Debug|Any CPU
		{89E7C2B6-EF56-4E12-9157-09CC6DACD802}.Debug|Any CPU.Build.0 = Debug|Any CPU
		{89E7C2B6-EF56-4E12-9157-09CC6DACD802}.Release|Any CPU.ActiveCfg = Release|Any CPU
		{89E7C2B6-EF56-4E12-9157-09CC6DACD802}.Release|Any CPU.Build.0 = Release|Any CPU
	EndGlobalSection
	GlobalSection(SolutionProperties) = preSolution
		HideSolutionNode = FALSE
	EndGlobalSection
	GlobalSection(ExtensibilityGlobals) = postSolution
		SolutionGuid = {84E7DC8C-7174-4F4E-B1C4-F568098B8BAF}
	EndGlobalSection
EndGlobal
